// !$*UTF8*$!
{
	archiveVersion = 1;
	classes = {
	};
	objectVersion = 46;
	objects = {

/* Begin PBXBuildFile section */
		D0A6F52E1A888EBC0042284F /* main.m in Sources */ = {isa = PBXBuildFile; fileRef = D0A6F52D1A888EBC0042284F /* main.m */; };
		D0A6F5311A888EBC0042284F /* AppDelegate.m in Sources */ = {isa = PBXBuildFile; fileRef = D0A6F5301A888EBC0042284F /* AppDelegate.m */; };
		D0A6F5341A888EBC0042284F /* ViewController.m in Sources */ = {isa = PBXBuildFile; fileRef = D0A6F5331A888EBC0042284F /* ViewController.m */; };
		D0A6F5371A888EBC0042284F /* Main.storyboard in Resources */ = {isa = PBXBuildFile; fileRef = D0A6F5351A888EBC0042284F /* Main.storyboard */; };
		D0A6F5391A888EBD0042284F /* Images.xcassets in Resources */ = {isa = PBXBuildFile; fileRef = D0A6F5381A888EBD0042284F /* Images.xcassets */; };
		D0A6F53C1A888EBD0042284F /* LaunchScreen.xib in Resources */ = {isa = PBXBuildFile; fileRef = D0A6F53A1A888EBD0042284F /* LaunchScreen.xib */; };
		D0A6F5481A888EBD0042284F /* CityPressTests.m in Sources */ = {isa = PBXBuildFile; fileRef = D0A6F5471A888EBD0042284F /* CityPressTests.m */; };
/* End PBXBuildFile section */

/* Begin PBXContainerItemProxy section */
		D0A6F5421A888EBD0042284F /* PBXContainerItemProxy */ = {
			isa = PBXContainerItemProxy;
			containerPortal = D0A6F5201A888EBC0042284F /* Project object */;
			proxyType = 1;
			remoteGlobalIDString = D0A6F5271A888EBC0042284F;
			remoteInfo = CityPress;
		};
/* End PBXContainerItemProxy section */

/* Begin PBXFileReference section */
		D0A6F5281A888EBC0042284F /* CityPress.app */ = {isa = PBXFileReference; explicitFileType = wrapper.application; includeInIndex = 0; path = CityPress.app; sourceTree = BUILT_PRODUCTS_DIR; };
		D0A6F52C1A888EBC0042284F /* Info.plist */ = {isa = PBXFileReference; lastKnownFileType = text.plist.xml; path = Info.plist; sourceTree = "<group>"; };
		D0A6F52D1A888EBC0042284F /* main.m */ = {isa = PBXFileReference; lastKnownFileType = sourcecode.c.objc; path = main.m; sourceTree = "<group>"; };
		D0A6F52F1A888EBC0042284F /* AppDelegate.h */ = {isa = PBXFileReference; lastKnownFileType = sourcecode.c.h; path = AppDelegate.h; sourceTree = "<group>"; };
		D0A6F5301A888EBC0042284F /* AppDelegate.m */ = {isa = PBXFileReference; lastKnownFileType = sourcecode.c.objc; path = AppDelegate.m; sourceTree = "<group>"; };
		D0A6F5321A888EBC0042284F /* ViewController.h */ = {isa = PBXFileReference; lastKnownFileType = sourcecode.c.h; path = ViewController.h; sourceTree = "<group>"; };
		D0A6F5331A888EBC0042284F /* ViewController.m */ = {isa = PBXFileReference; lastKnownFileType = sourcecode.c.objc; path = ViewController.m; sourceTree = "<group>"; };
		D0A6F5361A888EBC0042284F /* Base */ = {isa = PBXFileReference; lastKnownFileType = file.storyboard; name = Base; path = Base.lproj/Main.storyboard; sourceTree = "<group>"; };
		D0A6F5381A888EBD0042284F /* Images.xcassets */ = {isa = PBXFileReference; lastKnownFileType = folder.assetcatalog; path = Images.xcassets; sourceTree = "<group>"; };
		D0A6F53B1A888EBD0042284F /* Base */ = {isa = PBXFileReference; lastKnownFileType = file.xib; name = Base; path = Base.lproj/LaunchScreen.xib; sourceTree = "<group>"; };
		D0A6F5411A888EBD0042284F /* CityPressTests.xctest */ = {isa = PBXFileReference; explicitFileType = wrapper.cfbundle; includeInIndex = 0; path = CityPressTests.xctest; sourceTree = BUILT_PRODUCTS_DIR; };
		D0A6F5461A888EBD0042284F /* Info.plist */ = {isa = PBXFileReference; lastKnownFileType = text.plist.xml; path = Info.plist; sourceTree = "<group>"; };
		D0A6F5471A888EBD0042284F /* CityPressTests.m */ = {isa = PBXFileReference; lastKnownFileType = sourcecode.c.objc; path = CityPressTests.m; sourceTree = "<group>"; };
/* End PBXFileReference section */

/* Begin PBXFrameworksBuildPhase section */
		D0A6F5251A888EBC0042284F /* Frameworks */ = {
			isa = PBXFrameworksBuildPhase;
			buildActionMask = 2147483647;
			files = (
			);
			runOnlyForDeploymentPostprocessing = 0;
		};
		D0A6F53E1A888EBD0042284F /* Frameworks */ = {
			isa = PBXFrameworksBuildPhase;
			buildActionMask = 2147483647;
			files = (
			);
			runOnlyForDeploymentPostprocessing = 0;
		};
/* End PBXFrameworksBuildPhase section */

/* Begin PBXGroup section */
		D0A6F51F1A888EBC0042284F = {
			isa = PBXGroup;
			children = (
				D0A6F5351A888EBC0042284F /* Main.storyboard */,
				D0A6F52A1A888EBC0042284F /* CityPress */,
				D0A6F5441A888EBD0042284F /* CityPressTests */,
				D0A6F5291A888EBC0042284F /* Products */,
			);
			sourceTree = "<group>";
		};
		D0A6F5291A888EBC0042284F /* Products */ = {
			isa = PBXGroup;
			children = (
				D0A6F5281A888EBC0042284F /* CityPress.app */,
				D0A6F5411A888EBD0042284F /* CityPressTests.xctest */,
			);
			name = Products;
			sourceTree = "<group>";
		};
		D0A6F52A1A888EBC0042284F /* CityPress */ = {
			isa = PBXGroup;
			children = (
				D0A6F52F1A888EBC0042284F /* AppDelegate.h */,
				D0A6F5301A888EBC0042284F /* AppDelegate.m */,
				D0A6F5321A888EBC0042284F /* ViewController.h */,
				D0A6F5331A888EBC0042284F /* ViewController.m */,
				D0A6F5381A888EBD0042284F /* Images.xcassets */,
				D0A6F53A1A888EBD0042284F /* LaunchScreen.xib */,
				D0A6F52B1A888EBC0042284F /* Supporting Files */,
			);
			path = CityPress;
			sourceTree = "<group>";
		};
		D0A6F52B1A888EBC0042284F /* Supporting Files */ = {
			isa = PBXGroup;
			children = (
				D0A6F52C1A888EBC0042284F /* Info.plist */,
				D0A6F52D1A888EBC0042284F /* main.m */,
			);
			name = "Supporting Files";
			sourceTree = "<group>";
		};
		D0A6F5441A888EBD0042284F /* CityPressTests */ = {
			isa = PBXGroup;
			children = (
				D0A6F5471A888EBD0042284F /* CityPressTests.m */,
				D0A6F5451A888EBD0042284F /* Supporting Files */,
			);
			path = CityPressTests;
			sourceTree = "<group>";
		};
		D0A6F5451A888EBD0042284F /* Supporting Files */ = {
			isa = PBXGroup;
			children = (
				D0A6F5461A888EBD0042284F /* Info.plist */,
			);
			name = "Supporting Files";
			sourceTree = "<group>";
		};
/* End PBXGroup section */

/* Begin PBXNativeTarget section */
		D0A6F5271A888EBC0042284F /* CityPress */ = {
			isa = PBXNativeTarget;
			buildConfigurationList = D0A6F54B1A888EBD0042284F /* Build configuration list for PBXNativeTarget "CityPress" */;
			buildPhases = (
				D0A6F5241A888EBC0042284F /* Sources */,
				D0A6F5251A888EBC0042284F /* Frameworks */,
				D0A6F5261A888EBC0042284F /* Resources */,
			);
			buildRules = (
			);
			dependencies = (
			);
			name = CityPress;
			productName = CityPress;
			productReference = D0A6F5281A888EBC0042284F /* CityPress.app */;
			productType = "com.apple.product-type.application";
		};
		D0A6F5401A888EBD0042284F /* CityPressTests */ = {
			isa = PBXNativeTarget;
			buildConfigurationList = D0A6F54E1A888EBD0042284F /* Build configuration list for PBXNativeTarget "CityPressTests" */;
			buildPhases = (
				D0A6F53D1A888EBD0042284F /* Sources */,
				D0A6F53E1A888EBD0042284F /* Frameworks */,
				D0A6F53F1A888EBD0042284F /* Resources */,
			);
			buildRules = (
			);
			dependencies = (
				D0A6F5431A888EBD0042284F /* PBXTargetDependency */,
			);
			name = CityPressTests;
			productName = CityPressTests;
			productReference = D0A6F5411A888EBD0042284F /* CityPressTests.xctest */;
			productType = "com.apple.product-type.bundle.unit-test";
		};
/* End PBXNativeTarget section */

/* Begin PBXProject section */
		D0A6F5201A888EBC0042284F /* Project object */ = {
			isa = PBXProject;
			attributes = {
				LastUpgradeCheck = 0610;
				ORGANIZATIONNAME = liuxq;
				TargetAttributes = {
					D0A6F5271A888EBC0042284F = {
						CreatedOnToolsVersion = 6.1.1;
					};
					D0A6F5401A888EBD0042284F = {
						CreatedOnToolsVersion = 6.1.1;
						TestTargetID = D0A6F5271A888EBC0042284F;
					};
				};
			};
			buildConfigurationList = D0A6F5231A888EBC0042284F /* Build configuration list for PBXProject "CityPress" */;
			compatibilityVersion = "Xcode 3.2";
			developmentRegion = English;
			hasScannedForEncodings = 0;
			knownRegions = (
				en,
				Base,
			);
			mainGroup = D0A6F51F1A888EBC0042284F;
			productRefGroup = D0A6F5291A888EBC0042284F /* Products */;
			projectDirPath = "";
			projectRoot = "";
			targets = (
				D0A6F5271A888EBC0042284F /* CityPress */,
				D0A6F5401A888EBD0042284F /* CityPressTests */,
			);
		};
/* End PBXProject section */

/* Begin PBXResourcesBuildPhase section */
		D0A6F5261A888EBC0042284F /* Resources */ = {
			isa = PBXResourcesBuildPhase;
			buildActionMask = 2147483647;
			files = (
				D0A6F5371A888EBC0042284F /* Main.storyboard in Resources */,
				D0A6F53C1A888EBD0042284F /* LaunchScreen.xib in Resources */,
				D0A6F5391A888EBD0042284F /* Images.xcassets in Resources */,
			);
			runOnlyForDeploymentPostprocessing = 0;
		};
		D0A6F53F1A888EBD0042284F /* Resources */ = {
			isa = PBXResourcesBuildPhase;
			buildActionMask = 2147483647;
			files = (
			);
			runOnlyForDeploymentPostprocessing = 0;
		};
/* End PBXResourcesBuildPhase section */

/* Begin PBXSourcesBuildPhase section */
		D0A6F5241A888EBC0042284F /* Sources */ = {
			isa = PBXSourcesBuildPhase;
			buildActionMask = 2147483647;
			files = (
				D0A6F5341A888EBC0042284F /* ViewController.m in Sources */,
				D0A6F5311A888EBC0042284F /* AppDelegate.m in Sources */,
				D0A6F52E1A888EBC0042284F /* main.m in Sources */,
			);
			runOnlyForDeploymentPostprocessing = 0;
		};
		D0A6F53D1A888EBD0042284F /* Sources */ = {
			isa = PBXSourcesBuildPhase;
			buildActionMask = 2147483647;
			files = (
				D0A6F5481A888EBD0042284F /* CityPressTests.m in Sources */,
			);
			runOnlyForDeploymentPostprocessing = 0;
		};
/* End PBXSourcesBuildPhase section */

/* Begin PBXTargetDependency section */
		D0A6F5431A888EBD0042284F /* PBXTargetDependency */ = {
			isa = PBXTargetDependency;
			target = D0A6F5271A888EBC0042284F /* CityPress */;
			targetProxy = D0A6F5421A888EBD0042284F /* PBXContainerItemProxy */;
		};
/* End PBXTargetDependency section */

/* Begin PBXVariantGroup section */
		D0A6F5351A888EBC0042284F /* Main.storyboard */ = {
			isa = PBXVariantGroup;
			children = (
				D0A6F5361A888EBC0042284F /* Base */,
			);
			name = Main.storyboard;
			path = CityPress;
			sourceTree = "<group>";
		};
		D0A6F53A1A888EBD0042284F /* LaunchScreen.xib */ = {
			isa = PBXVariantGroup;
			children = (
				D0A6F53B1A888EBD0042284F /* Base */,
			);
			name = LaunchScreen.xib;
			sourceTree = "<group>";
		};
/* End PBXVariantGroup section */

/* Begin XCBuildConfiguration section */
		D0A6F5491A888EBD0042284F /* Debug */ = {
			isa = XCBuildConfiguration;
			buildSettings = {
				ALWAYS_SEARCH_USER_PATHS = NO;
				CLANG_CXX_LANGUAGE_STANDARD = "gnu++0x";
				CLANG_CXX_LIBRARY = "libc++";
				CLANG_ENABLE_MODULES = YES;
				CLANG_ENABLE_OBJC_ARC = YES;
				CLANG_WARN_BOOL_CONVERSION = YES;
				CLANG_WARN_CONSTANT_CONVERSION = YES;
				CLANG_WARN_DIRECT_OBJC_ISA_USAGE = YES_ERROR;
				CLANG_WARN_EMPTY_BODY = YES;
				CLANG_WARN_ENUM_CONVERSION = YES;
				CLANG_WARN_INT_CONVERSION = YES;
				CLANG_WARN_OBJC_ROOT_CLASS = YES_ERROR;
				CLANG_WARN_UNREACHABLE_CODE = YES;
				CLANG_WARN__DUPLICATE_METHOD_MATCH = YES;
				"CODE_SIGN_IDENTITY[sdk=iphoneos*]" = "iPhone Developer";
				COPY_PHASE_STRIP = NO;
				ENABLE_STRICT_OBJC_MSGSEND = YES;
				GCC_C_LANGUAGE_STANDARD = gnu99;
				GCC_DYNAMIC_NO_PIC = NO;
				GCC_OPTIMIZATION_LEVEL = 0;
				GCC_PREPROCESSOR_DEFINITIONS = (
					"DEBUG=1",
					"$(inherited)",
				);
				GCC_SYMBOLS_PRIVATE_EXTERN = NO;
				GCC_WARN_64_TO_32_BIT_CONVERSION = YES;
				GCC_WARN_ABOUT_RETURN_TYPE = YES_ERROR;
				GCC_WARN_UNDECLARED_SELECTOR = YES;
				GCC_WARN_UNINITIALIZED_AUTOS = YES_AGGRESSIVE;
				GCC_WARN_UNUSED_FUNCTION = YES;
				GCC_WARN_UNUSED_VARIABLE = YES;
				IPHONEOS_DEPLOYMENT_TARGET = 8.1;
				MTL_ENABLE_DEBUG_INFO = YES;
				ONLY_ACTIVE_ARCH = YES;
				SDKROOT = iphoneos;
			};
			name = Debug;
		};
		D0A6F54A1A888EBD0042284F /* Release */ = {
			isa = XCBuildConfiguration;
			buildSettings = {
				ALWAYS_SEARCH_USER_PATHS = NO;
				CLANG_CXX_LANGUAGE_STANDARD = "gnu++0x";
				CLANG_CXX_LIBRARY = "libc++";
				CLANG_ENABLE_MODULES = YES;
				CLANG_ENABLE_OBJC_ARC = YES;
				CLANG_WARN_BOOL_CONVERSION = YES;
				CLANG_WARN_CONSTANT_CONVERSION = YES;
				CLANG_WARN_DIRECT_OBJC_ISA_USAGE = YES_ERROR;
				CLANG_WARN_EMPTY_BODY = YES;
				CLANG_WARN_ENUM_CONVERSION = YES;
				CLANG_WARN_INT_CONVERSION = YES;
				CLANG_WARN_OBJC_ROOT_CLASS = YES_ERROR;
				CLANG_WARN_UNREACHABLE_CODE = YES;
				CLANG_WARN__DUPLICATE_METHOD_MATCH = YES;
				"CODE_SIGN_IDENTITY[sdk=iphoneos*]" = "iPhone Developer";
				COPY_PHASE_STRIP = YES;
				ENABLE_NS_ASSERTIONS = NO;
				ENABLE_STRICT_OBJC_MSGSEND = YES;
				GCC_C_LANGUAGE_STANDARD = gnu99;
				GCC_WARN_64_TO_32_BIT_CONVERSION = YES;
				GCC_WARN_ABOUT_RETURN_TYPE = YES_ERROR;
				GCC_WARN_UNDECLARED_SELECTOR = YES;
				GCC_WARN_UNINITIALIZED_AUTOS = YES_AGGRESSIVE;
				GCC_WARN_UNUSED_FUNCTION = YES;
				GCC_WARN_UNUSED_VARIABLE = YES;
				IPHONEOS_DEPLOYMENT_TARGET = 8.1;
				MTL_ENABLE_DEBUG_INFO = NO;
				SDKROOT = iphoneos;
				VALIDATE_PRODUCT = YES;
			};
			name = Release;
		};
		D0A6F54C1A888EBD0042284F /* Debug */ = {
			isa = XCBuildConfiguration;
			buildSettings = {
				ASSETCATALOG_COMPILER_APPICON_NAME = AppIcon;
				ASSETCATALOG_COMPILER_LAUNCHIMAGE_NAME = LaunchImage;
				INFOPLIST_FILE = CityPress/Info.plist;
				LD_RUNPATH_SEARCH_PATHS = "$(inherited) @executable_path/Frameworks";
				PRODUCT_NAME = "$(TARGET_NAME)";
			};
			name = Debug;
		};
		D0A6F54D1A888EBD0042284F /* Release */ = {
			isa = XCBuildConfiguration;
			buildSettings = {
				ASSETCATALOG_COMPILER_APPICON_NAME = AppIcon;
				ASSETCATALOG_COMPILER_LAUNCHIMAGE_NAME = LaunchImage;
				INFOPLIST_FILE = CityPress/Info.plist;
				LD_RUNPATH_SEARCH_PATHS = "$(inherited) @executable_path/Frameworks";
				PRODUCT_NAME = "$(TARGET_NAME)";
			};
			name = Release;
		};
		D0A6F54F1A888EBD0042284F /* Debug */ = {
			isa = XCBuildConfiguration;
			buildSettings = {
				BUNDLE_LOADER = "$(TEST_HOST)";
				FRAMEWORK_SEARCH_PATHS = (
					"$(SDKROOT)/Developer/Library/Frameworks",
					"$(inherited)",
				);
				GCC_PREPROCESSOR_DEFINITIONS = (
					"DEBUG=1",
					"$(inherited)",
				);
				INFOPLIST_FILE = CityPressTests/Info.plist;
				LD_RUNPATH_SEARCH_PATHS = "$(inherited) @executable_path/Frameworks @loader_path/Frameworks";
				PRODUCT_NAME = "$(TARGET_NAME)";
				TEST_HOST = "$(BUILT_PRODUCTS_DIR)/CityPress.app/CityPress";
			};
			name = Debug;
		};
		D0A6F5501A888EBD0042284F /* Release */ = {
			isa = XCBuildConfiguration;
			buildSettings = {
				BUNDLE_LOADER = "$(TEST_HOST)";
				FRAMEWORK_SEARCH_PATHS = (
					"$(SDKROOT)/Developer/Library/Frameworks",
					"$(inherited)",
				);
				INFOPLIST_FILE = CityPressTests/Info.plist;
				LD_RUNPATH_SEARCH_PATHS = "$(inherited) @executable_path/Frameworks @loader_path/Frameworks";
				PRODUCT_NAME = "$(TARGET_NAME)";
				TEST_HOST = "$(BUILT_PRODUCTS_DIR)/CityPress.app/CityPress";
			};
			name = Release;
		};
/* End XCBuildConfiguration section */

/* Begin XCConfigurationList section */
		D0A6F5231A888EBC0042284F /* Build configuration list for PBXProject "CityPress" */ = {
			isa = XCConfigurationList;
			buildConfigurations = (
				D0A6F5491A888EBD0042284F /* Debug */,
				D0A6F54A1A888EBD0042284F /* Release */,
			);
			defaultConfigurationIsVisible = 0;
			defaultConfigurationName = Release;
		};
		D0A6F54B1A888EBD0042284F /* Build configuration list for PBXNativeTarget "CityPress" */ = {
			isa = XCConfigurationList;
			buildConfigurations = (
				D0A6F54C1A888EBD0042284F /* Debug */,
				D0A6F54D1A888EBD0042284F /* Release */,
			);
			defaultConfigurationIsVisible = 0;
			defaultConfigurationName = Release;
		};
		D0A6F54E1A888EBD0042284F /* Build configuration list for PBXNativeTarget "CityPressTests" */ = {
			isa = XCConfigurationList;
			buildConfigurations = (
				D0A6F54F1A888EBD0042284F /* Debug */,
				D0A6F5501A888EBD0042284F /* Release */,
			);
			defaultConfigurationIsVisible = 0;
			defaultConfigurationName = Release;
		};
/* End XCConfigurationList section */
	};
	rootObject = D0A6F5201A888EBC0042284F /* Project object */;
}
